
Microsoft Visual Studio Solution File, Format Version 12.00
# Visual Studio Version 16
VisualStudioVersion = 16.0.32002.261
MinimumVisualStudioVersion = 10.0.40219.1
Project("{FAE04EC0-301F-11D3-BF4B-00C04F79EFBC}") = "mission4", "mission4.csproj", "{2E7EBA48-82AB-400D-AC6A-D2CBC3B82A13}"
EndProject
Global
	GlobalSection(SolutionConfigurationPlatforms) = preSolution
		Debug|Any CPU = Debug|Any CPU
		Release|Any CPU = Release|Any CPU
	EndGlobalSection
	GlobalSection(ProjectConfigurationPlatforms) = postSolution
		{2E7EBA48-82AB-400D-AC6A-D2CBC3B82A13}.Debug|Any CPU.ActiveCfg = Debug|Any CPU
		{2E7EBA48-82AB-400D-AC6A-D2CBC3B82A13}.Debug|Any CPU.Build.0 = Debug|Any CPU
		{2E7EBA48-82AB-400D-AC6A-D2CBC3B82A13}.Release|Any CPU.ActiveCfg = Release|Any CPU
		{2E7EBA48-82AB-400D-AC6A-D2CBC3B82A13}.Release|Any CPU.Build.0 = Release|Any CPU
	EndGlobalSection
	GlobalSection(SolutionProperties) = preSolution
		HideSolutionNode = FALSE
	EndGlobalSection
	GlobalSection(ExtensibilityGlobals) = postSolution
		SolutionGuid = {6A5563BF-F3B0-4D1B-A99B-47312E0F633A}
	EndGlobalSection
EndGlobal
